
Microsoft Visual Studio Solution File, Format Version 12.00
# Visual Studio Version 17
VisualStudioVersion = 17.14.37314.3
MinimumVisualStudioVersion = 10.0.40219.1
Project("{FAE04EC0-301F-11D3-BF4B-00C04F79EFBC}") = "SchoolLearningSystem.Domain", "SchoolLearningSystem.Domain\SchoolLearningSystem.Domain.csproj", "{34176FE3-777C-48BC-8BFC-6402BEBFC2A7}"
EndProject
Project("{FAE04EC0-301F-11D3-BF4B-00C04F79EFBC}") = "SchoolLearningSystem.Applicationf", "SchoolLearningSystem.Applicationf\SchoolLearningSystem.Applicationf.csproj", "{10C82B3D-D78F-4F34-B893-DA1D0730B310}"
EndProject
Project("{FAE04EC0-301F-11D3-BF4B-00C04F79EFBC}") = "SchoolLearningSystem.Infrastructure", "SchoolLearningSystem.Infrastructure\SchoolLearningSystem.Infrastructure.csproj", "{27FFE6FA-1EC0-4235-8A78-0384CDEC5FB6}"
EndProject
Project("{FAE04EC0-301F-11D3-BF4B-00C04F79EFBC}") = "SchoolLearningSystem.API", "SchoolLearningSystem.API\SchoolLearningSystem.API.csproj", "{64478870-D64E-43D7-8C5D-4737A99100E6}"
EndProject
Global
	GlobalSection(SolutionConfigurationPlatforms) = preSolution
		Debug|Any CPU = Debug|Any CPU
		Release|Any CPU = Release|Any CPU
	EndGlobalSection
	GlobalSection(ProjectConfigurationPlatforms) = postSolution
		{34176FE3-777C-48BC-8BFC-6402BEBFC2A7}.Debug|Any CPU.ActiveCfg = Debug|Any CPU
		{34176FE3-777C-48BC-8BFC-6402BEBFC2A7}.Debug|Any CPU.Build.0 = Debug|Any CPU
		{34176FE3-777C-48BC-8BFC-6402BEBFC2A7}.Release|Any CPU.ActiveCfg = Release|Any CPU
		{34176FE3-777C-48BC-8BFC-6402BEBFC2A7}.Release|Any CPU.Build.0 = Release|Any CPU
		{10C82B3D-D78F-4F34-B893-DA1D0730B310}.Debug|Any CPU.ActiveCfg = Debug|Any CPU
		{10C82B3D-D78F-4F34-B893-DA1D0730B310}.Debug|Any CPU.Build.0 = Debug|Any CPU
		{10C82B3D-D78F-4F34-B893-DA1D0730B310}.Release|Any CPU.ActiveCfg = Release|Any CPU
		{10C82B3D-D78F-4F34-B893-DA1D0730B310}.Release|Any CPU.Build.0 = Release|Any CPU
		{27FFE6FA-1EC0-4235-8A78-0384CDEC5FB6}.Debug|Any CPU.ActiveCfg = Debug|Any CPU
		{27FFE6FA-1EC0-4235-8A78-0384CDEC5FB6}.Debug|Any CPU.Build.0 = Debug|Any CPU
		{27FFE6FA-1EC0-4235-8A78-0384CDEC5FB6}.Release|Any CPU.ActiveCfg = Release|Any CPU
		{27FFE6FA-1EC0-4235-8A78-0384CDEC5FB6}.Release|Any CPU.Build.0 = Release|Any CPU
		{64478870-D64E-43D7-8C5D-4737A99100E6}.Debug|Any CPU.ActiveCfg = Debug|Any CPU
		{64478870-D64E-43D7-8C5D-4737A99100E6}.Debug|Any CPU.Build.0 = Debug|Any CPU
		{64478870-D64E-43D7-8C5D-4737A99100E6}.Release|Any CPU.ActiveCfg = Release|Any CPU
		{64478870-D64E-43D7-8C5D-4737A99100E6}.Release|Any CPU.Build.0 = Release|Any CPU
	EndGlobalSection
	GlobalSection(SolutionProperties) = preSolution
		HideSolutionNode = FALSE
	EndGlobalSection
	GlobalSection(ExtensibilityGlobals) = postSolution
		SolutionGuid = {C556BB1D-1857-47B2-A870-1E8068C6A259}
	EndGlobalSection
EndGlobal
